
Microsoft Visual Studio Solution File, Format Version 12.00
# Visual Studio Version 16
VisualStudioVersion = 16.0.30011.22
MinimumVisualStudioVersion = 10.0.40219.1
Project("{9A19103F-16F7-4668-BE54-9A1E7A4F7556}") = "Easybuild.API", "Easybuild.API\Easybuild.API.csproj", "{07EC9ABA-32D8-4460-B145-C61131318D99}"
EndProject
Project("{9A19103F-16F7-4668-BE54-9A1E7A4F7556}") = "Easybuild.DAL", "Libraries\Easybuild.DAL\Easybuild.DAL.csproj", "{C4B87F6F-962C-4463-A5E7-37BED36505A5}"
EndProject
Project("{9A19103F-16F7-4668-BE54-9A1E7A4F7556}") = "Easybuild.DAL.Files", "Libraries\Easybuild.DAL.Files\Easybuild.DAL.Files.csproj", "{9DD73A75-D168-4C88-8F46-DC1D464033F9}"
EndProject
Project("{9A19103F-16F7-4668-BE54-9A1E7A4F7556}") = "Easybuild.Cryptography", "Libraries\Easybuild.Cryptography\Easybuild.Cryptography.csproj", "{5D3EF9C8-30C3-4FD6-8DDE-D4CA3E3AA0B8}"
EndProject
Project("{9A19103F-16F7-4668-BE54-9A1E7A4F7556}") = "Easybuild.Common", "Libraries\Easybuild.Common\Easybuild.Common.csproj", "{19517099-F55A-4A50-8330-43665A5306FE}"
EndProject
Global
	GlobalSection(SolutionConfigurationPlatforms) = preSolution
		Debug|Any CPU = Debug|Any CPU
		Release|Any CPU = Release|Any CPU
	EndGlobalSection
	GlobalSection(ProjectConfigurationPlatforms) = postSolution
		{07EC9ABA-32D8-4460-B145-C61131318D99}.Debug|Any CPU.ActiveCfg = Debug|Any CPU
		{07EC9ABA-32D8-4460-B145-C61131318D99}.Debug|Any CPU.Build.0 = Debug|Any CPU
		{07EC9ABA-32D8-4460-B145-C61131318D99}.Release|Any CPU.ActiveCfg = Release|Any CPU
		{07EC9ABA-32D8-4460-B145-C61131318D99}.Release|Any CPU.Build.0 = Release|Any CPU
		{C4B87F6F-962C-4463-A5E7-37BED36505A5}.Debug|Any CPU.ActiveCfg = Debug|Any CPU
		{C4B87F6F-962C-4463-A5E7-37BED36505A5}.Debug|Any CPU.Build.0 = Debug|Any CPU
		{C4B87F6F-962C-4463-A5E7-37BED36505A5}.Release|Any CPU.ActiveCfg = Release|Any CPU
		{C4B87F6F-962C-4463-A5E7-37BED36505A5}.Release|Any CPU.Build.0 = Release|Any CPU
		{9DD73A75-D168-4C88-8F46-DC1D464033F9}.Debug|Any CPU.ActiveCfg = Debug|Any CPU
		{9DD73A75-D168-4C88-8F46-DC1D464033F9}.Debug|Any CPU.Build.0 = Debug|Any CPU
		{9DD73A75-D168-4C88-8F46-DC1D464033F9}.Release|Any CPU.ActiveCfg = Release|Any CPU
		{9DD73A75-D168-4C88-8F46-DC1D464033F9}.Release|Any CPU.Build.0 = Release|Any CPU
		{5D3EF9C8-30C3-4FD6-8DDE-D4CA3E3AA0B8}.Debug|Any CPU.ActiveCfg = Debug|Any CPU
		{5D3EF9C8-30C3-4FD6-8DDE-D4CA3E3AA0B8}.Debug|Any CPU.Build.0 = Debug|Any CPU
		{5D3EF9C8-30C3-4FD6-8DDE-D4CA3E3AA0B8}.Release|Any CPU.ActiveCfg = Release|Any CPU
		{5D3EF9C8-30C3-4FD6-8DDE-D4CA3E3AA0B8}.Release|Any CPU.Build.0 = Release|Any CPU
		{19517099-F55A-4A50-8330-43665A5306FE}.Debug|Any CPU.ActiveCfg = Debug|Any CPU
		{19517099-F55A-4A50-8330-43665A5306FE}.Debug|Any CPU.Build.0 = Debug|Any CPU
		{19517099-F55A-4A50-8330-43665A5306FE}.Release|Any CPU.ActiveCfg = Release|Any CPU
		{19517099-F55A-4A50-8330-43665A5306FE}.Release|Any CPU.Build.0 = Release|Any CPU
	EndGlobalSection
	GlobalSection(SolutionProperties) = preSolution
		HideSolutionNode = FALSE
	EndGlobalSection
	GlobalSection(ExtensibilityGlobals) = postSolution
		SolutionGuid = {59D3B4D0-26E5-4053-B7E2-F6F5E630D8E1}
	EndGlobalSection
EndGlobal
